
Microsoft Visual Studio Solution File, Format Version 12.00
# Visual Studio Version 16
VisualStudioVersion = 16.0.30621.155
MinimumVisualStudioVersion = 10.0.40219.1
Project("{888888A0-9F3D-457C-B088-3A5042F75D52}") = "Minesweeper", "Minesweeper\Minesweeper.pyproj", "{247FE339-C0AD-4CCE-874D-FF6E72140E67}"
EndProject
Global
	GlobalSection(SolutionConfigurationPlatforms) = preSolution
		Debug|Any CPU = Debug|Any CPU
		Release|Any CPU = Release|Any CPU
	EndGlobalSection
	GlobalSection(ProjectConfigurationPlatforms) = postSolution
		{247FE339-C0AD-4CCE-874D-FF6E72140E67}.Debug|Any CPU.ActiveCfg = Debug|Any CPU
		{247FE339-C0AD-4CCE-874D-FF6E72140E67}.Release|Any CPU.ActiveCfg = Release|Any CPU
	EndGlobalSection
	GlobalSection(SolutionProperties) = preSolution
		HideSolutionNode = FALSE
	EndGlobalSection
	GlobalSection(ExtensibilityGlobals) = postSolution
		SolutionGuid = {70293263-FF4A-4D74-9196-4CA01AC45DDD}
	EndGlobalSection
EndGlobal
